
Microsoft Visual Studio Solution File, Format Version 12.00
# Visual Studio Version 16
VisualStudioVersion = 16.0.30128.74
MinimumVisualStudioVersion = 10.0.40219.1
Project("{FAE04EC0-301F-11D3-BF4B-00C04F79EFBC}") = "FileManipulations", "FileManipulations\FileManipulations.csproj", "{CC3ADD6A-2B15-4339-845D-6790FAACEC23}"
EndProject
Global
	GlobalSection(SolutionConfigurationPlatforms) = preSolution
		Debug|Any CPU = Debug|Any CPU
		Release|Any CPU = Release|Any CPU
	EndGlobalSection
	GlobalSection(ProjectConfigurationPlatforms) = postSolution
		{CC3ADD6A-2B15-4339-845D-6790FAACEC23}.Debug|Any CPU.ActiveCfg = Debug|Any CPU
		{CC3ADD6A-2B15-4339-845D-6790FAACEC23}.Debug|Any CPU.Build.0 = Debug|Any CPU
		{CC3ADD6A-2B15-4339-845D-6790FAACEC23}.Release|Any CPU.ActiveCfg = Release|Any CPU
		{CC3ADD6A-2B15-4339-845D-6790FAACEC23}.Release|Any CPU.Build.0 = Release|Any CPU
	EndGlobalSection
	GlobalSection(SolutionProperties) = preSolution
		HideSolutionNode = FALSE
	EndGlobalSection
	GlobalSection(ExtensibilityGlobals) = postSolution
		SolutionGuid = {B3277424-E0FC-418F-ABF7-60E2643A151A}
	EndGlobalSection
EndGlobal
